// !$*UTF8*$!
{
	archiveVersion = 1;
	classes = {
	};
	objectVersion = 56;
	objects = {

/* Begin PBXBuildFile section */
		5E6A67DC29C4D00900500B04 /* AppDelegate.swift in Sources */ = {isa = PBXBuildFile; fileRef = 5E6A67DB29C4D00900500B04 /* AppDelegate.swift */; };
		5E6A67DE29C4D00900500B04 /* SceneDelegate.swift in Sources */ = {isa = PBXBuildFile; fileRef = 5E6A67DD29C4D00900500B04 /* SceneDelegate.swift */; };
		5E6A67E029C4D00900500B04 /* HomeScreenViewController.swift in Sources */ = {isa = PBXBuildFile; fileRef = 5E6A67DF29C4D00900500B04 /* HomeScreenViewController.swift */; };
		5E6A67E529C4D00C00500B04 /* Assets.xcassets in Resources */ = {isa = PBXBuildFile; fileRef = 5E6A67E429C4D00C00500B04 /* Assets.xcassets */; };
		5E6A67E829C4D00C00500B04 /* LaunchScreen.storyboard in Resources */ = {isa = PBXBuildFile; fileRef = 5E6A67E629C4D00C00500B04 /* LaunchScreen.storyboard */; };
		5E6A67FD29C4D00C00500B04 /* FootballMatchSimulationUITests.swift in Sources */ = {isa = PBXBuildFile; fileRef = 5E6A67FC29C4D00C00500B04 /* FootballMatchSimulationUITests.swift */; };
		5E6A67FF29C4D00C00500B04 /* FootballMatchSimulationUITestsLaunchTests.swift in Sources */ = {isa = PBXBuildFile; fileRef = 5E6A67FE29C4D00C00500B04 /* FootballMatchSimulationUITestsLaunchTests.swift */; };
		5E6A680C29C4D25B00500B04 /* Teams.json in Resources */ = {isa = PBXBuildFile; fileRef = 5E6A680B29C4D25B00500B04 /* Teams.json */; };
		5E6A681529C4E1CB00500B04 /* Team.swift in Sources */ = {isa = PBXBuildFile; fileRef = 5E6A681429C4E1CB00500B04 /* Team.swift */; };
		5E6A681729C4F1D000500B04 /* DataLoader.swift in Sources */ = {isa = PBXBuildFile; fileRef = 5E6A681629C4F1D000500B04 /* DataLoader.swift */; };
		5E6A681B29C5D6C500500B04 /* PlayerPosition.swift in Sources */ = {isa = PBXBuildFile; fileRef = 5E6A681A29C5D6C500500B04 /* PlayerPosition.swift */; };
		5E6A681D29C5DA2700500B04 /* PlayerPositionTests.swift in Sources */ = {isa = PBXBuildFile; fileRef = 5E6A681C29C5DA2700500B04 /* PlayerPositionTests.swift */; };
		5E6A682029C5DF2500500B04 /* HomeScreenViewModel.swift in Sources */ = {isa = PBXBuildFile; fileRef = 5E6A681F29C5DF2500500B04 /* HomeScreenViewModel.swift */; };
		5E6A682329C5E8BF00500B04 /* DoubleHelper.swift in Sources */ = {isa = PBXBuildFile; fileRef = 5E6A682229C5E8BF00500B04 /* DoubleHelper.swift */; };
		5E6A682529C5EFC800500B04 /* DoubleHelperTests.swift in Sources */ = {isa = PBXBuildFile; fileRef = 5E6A682429C5EFC800500B04 /* DoubleHelperTests.swift */; };
		5E6A682729C645DE00500B04 /* RoundCard.swift in Sources */ = {isa = PBXBuildFile; fileRef = 5E6A682629C645DD00500B04 /* RoundCard.swift */; };
		5E6A682A29C6460E00500B04 /* RoundCard.xib in Resources */ = {isa = PBXBuildFile; fileRef = 5E6A682929C6460E00500B04 /* RoundCard.xib */; };
		5E6A682E29C64DB000500B04 /* GameRoundCard.swift in Sources */ = {isa = PBXBuildFile; fileRef = 5E6A682D29C64DB000500B04 /* GameRoundCard.swift */; };
		5E6A683029C64DE200500B04 /* GameRoundCard.xib in Resources */ = {isa = PBXBuildFile; fileRef = 5E6A682F29C64DE200500B04 /* GameRoundCard.xib */; };
		5E6A683329C6537A00500B04 /* StandingsCard.swift in Sources */ = {isa = PBXBuildFile; fileRef = 5E6A683229C6537A00500B04 /* StandingsCard.swift */; };
		5E6A683529C653B800500B04 /* StandingsCard.xib in Resources */ = {isa = PBXBuildFile; fileRef = 5E6A683429C653B800500B04 /* StandingsCard.xib */; };
		5E6A683729C6608400500B04 /* StandingsCardRow.swift in Sources */ = {isa = PBXBuildFile; fileRef = 5E6A683629C6608400500B04 /* StandingsCardRow.swift */; };
		5E6A683929C660B800500B04 /* StandingsCardRow.xib in Resources */ = {isa = PBXBuildFile; fileRef = 5E6A683829C660B800500B04 /* StandingsCardRow.xib */; };
		5E6A683B29C66E5000500B04 /* RoundCardRow.swift in Sources */ = {isa = PBXBuildFile; fileRef = 5E6A683A29C66E5000500B04 /* RoundCardRow.swift */; };
		5E6A683D29C66E7700500B04 /* RoundCardRow.xib in Resources */ = {isa = PBXBuildFile; fileRef = 5E6A683C29C66E7700500B04 /* RoundCardRow.xib */; };
		5E6A684129C71D6E00500B04 /* PlayingTeam.swift in Sources */ = {isa = PBXBuildFile; fileRef = 5E6A684029C71D6E00500B04 /* PlayingTeam.swift */; };
		5E6A684429C738F200500B04 /* YellowCardTracker.swift in Sources */ = {isa = PBXBuildFile; fileRef = 5E6A684329C738F200500B04 /* YellowCardTracker.swift */; };
		5E6A684629C7395600500B04 /* FoulChecker.swift in Sources */ = {isa = PBXBuildFile; fileRef = 5E6A684529C7395600500B04 /* FoulChecker.swift */; };
		5E6A684829C739F100500B04 /* PositionPlays.swift in Sources */ = {isa = PBXBuildFile; fileRef = 5E6A684729C739F100500B04 /* PositionPlays.swift */; };
		5E6A684A29C7425100500B04 /* SkillPower.swift in Sources */ = {isa = PBXBuildFile; fileRef = 5E6A684929C7425100500B04 /* SkillPower.swift */; };
		5E6A684C29C7467100500B04 /* Players.swift in Sources */ = {isa = PBXBuildFile; fileRef = 5E6A684B29C7467100500B04 /* Players.swift */; };
		5E6A684E29C74B3200500B04 /* AthleticDecay.swift in Sources */ = {isa = PBXBuildFile; fileRef = 5E6A684D29C74B3200500B04 /* AthleticDecay.swift */; };
		5E6A685029C758EA00500B04 /* CurrentTeam.swift in Sources */ = {isa = PBXBuildFile; fileRef = 5E6A684F29C758EA00500B04 /* CurrentTeam.swift */; };
		5E6A685429C75C4D00500B04 /* PlayingTeamTests.swift in Sources */ = {isa = PBXBuildFile; fileRef = 5E6A685329C75C4D00500B04 /* PlayingTeamTests.swift */; };
		5E6A685829C769E500500B04 /* GameSimulation.swift in Sources */ = {isa = PBXBuildFile; fileRef = 5E6A685729C769E500500B04 /* GameSimulation.swift */; };
		5E6A685A29C777E100500B04 /* GameSimulationViewController.swift in Sources */ = {isa = PBXBuildFile; fileRef = 5E6A685929C777E100500B04 /* GameSimulationViewController.swift */; };
		5E6A685D29C778E300500B04 /* ColorHelper.swift in Sources */ = {isa = PBXBuildFile; fileRef = 5E6A685C29C778E300500B04 /* ColorHelper.swift */; };
		5E6A685F29C7795200500B04 /* ViewHelper.swift in Sources */ = {isa = PBXBuildFile; fileRef = 5E6A685E29C7795100500B04 /* ViewHelper.swift */; };
		5ED471ED29C8597A00D8F664 /* GameSimulationViewModel.swift in Sources */ = {isa = PBXBuildFile; fileRef = 5ED471EC29C8597A00D8F664 /* GameSimulationViewModel.swift */; };
		5ED471F029C8BBF300D8F664 /* HudView.swift in Sources */ = {isa = PBXBuildFile; fileRef = 5ED471EF29C8BBF300D8F664 /* HudView.swift */; };
		5ED471F229C8BC0700D8F664 /* HudViewModel.swift in Sources */ = {isa = PBXBuildFile; fileRef = 5ED471F129C8BC0700D8F664 /* HudViewModel.swift */; };
		5ED471F529C8C91D00D8F664 /* TeamView.swift in Sources */ = {isa = PBXBuildFile; fileRef = 5ED471F429C8C91D00D8F664 /* TeamView.swift */; };
		5ED471F729C8C95500D8F664 /* TeamViewModel.swift in Sources */ = {isa = PBXBuildFile; fileRef = 5ED471F629C8C95500D8F664 /* TeamViewModel.swift */; };
		5ED471FD29C8CEEE00D8F664 /* Ajax.png in Resources */ = {isa = PBXBuildFile; fileRef = 5ED471F929C8CEEE00D8F664 /* Ajax.png */; };
		5ED471FE29C8CEEE00D8F664 /* Paris_Saint-Germain.png in Resources */ = {isa = PBXBuildFile; fileRef = 5ED471FA29C8CEEE00D8F664 /* Paris_Saint-Germain.png */; };
		5ED471FF29C8CEEE00D8F664 /* FC_Barcelona.png in Resources */ = {isa = PBXBuildFile; fileRef = 5ED471FB29C8CEEE00D8F664 /* FC_Barcelona.png */; };
		5ED4720029C8CEEE00D8F664 /* FC_Bayern.png in Resources */ = {isa = PBXBuildFile; fileRef = 5ED471FC29C8CEEE00D8F664 /* FC_Bayern.png */; };
		5ED4720229C8D09100D8F664 /* ImageHelper.swift in Sources */ = {isa = PBXBuildFile; fileRef = 5ED4720129C8D09100D8F664 /* ImageHelper.swift */; };
		5ED4720429C9D28400D8F664 /* EventHelper.swift in Sources */ = {isa = PBXBuildFile; fileRef = 5ED4720329C9D28400D8F664 /* EventHelper.swift */; };
		5ED4720729C9E60F00D8F664 /* GameSimulationTests.swift in Sources */ = {isa = PBXBuildFile; fileRef = 5ED4720629C9E60F00D8F664 /* GameSimulationTests.swift */; };
		5ED4720929C9F3CB00D8F664 /* MockedPlayingTeam.swift in Sources */ = {isa = PBXBuildFile; fileRef = 5ED4720829C9F3CB00D8F664 /* MockedPlayingTeam.swift */; };
		5ED4720D29CA2C7200D8F664 /* RoundCardCollectionView.swift in Sources */ = {isa = PBXBuildFile; fileRef = 5ED4720C29CA2C7200D8F664 /* RoundCardCollectionView.swift */; };
		5ED4721329CA33EC00D8F664 /* RoundCardCell.swift in Sources */ = {isa = PBXBuildFile; fileRef = 5ED4721129CA33EC00D8F664 /* RoundCardCell.swift */; };
		5ED4721729CAF88B00D8F664 /* RoundGamesViewController.swift in Sources */ = {isa = PBXBuildFile; fileRef = 5ED4721629CAF88B00D8F664 /* RoundGamesViewController.swift */; };
		5ED4721A29CAF90A00D8F664 /* RoundGamesViewModel.swift in Sources */ = {isa = PBXBuildFile; fileRef = 5ED4721929CAF90A00D8F664 /* RoundGamesViewModel.swift */; };
		5ED4721C29CAFC6500D8F664 /* RoundCardCollectionViewModel.swift in Sources */ = {isa = PBXBuildFile; fileRef = 5ED4721B29CAFC6500D8F664 /* RoundCardCollectionViewModel.swift */; };
		5ED4722029CB0AC200D8F664 /* RoundCardCellViewModel.swift in Sources */ = {isa = PBXBuildFile; fileRef = 5ED4721F29CB0AC200D8F664 /* RoundCardCellViewModel.swift */; };
		5ED4722329CB0C3800D8F664 /* RoundCardRowViewModel.swift in Sources */ = {isa = PBXBuildFile; fileRef = 5ED4722229CB0C3800D8F664 /* RoundCardRowViewModel.swift */; };
		5ED4722629CB0FDD00D8F664 /* RoundCardViewModel.swift in Sources */ = {isa = PBXBuildFile; fileRef = 5ED4722529CB0FDD00D8F664 /* RoundCardViewModel.swift */; };
		5ED4722B29CB16EE00D8F664 /* RoundModel.swift in Sources */ = {isa = PBXBuildFile; fileRef = 5ED4722A29CB16EE00D8F664 /* RoundModel.swift */; };
		5ED4722E29CB2EC500D8F664 /* RoundGenerator.swift in Sources */ = {isa = PBXBuildFile; fileRef = 5ED4722D29CB2EC400D8F664 /* RoundGenerator.swift */; };
		5ED4723029CB4D3A00D8F664 /* RoundGamesCollectionView.swift in Sources */ = {isa = PBXBuildFile; fileRef = 5ED4722F29CB4D3A00D8F664 /* RoundGamesCollectionView.swift */; };
		5ED4723229CB4DA700D8F664 /* RoundGamesCollectionViewModel.swift in Sources */ = {isa = PBXBuildFile; fileRef = 5ED4723129CB4DA700D8F664 /* RoundGamesCollectionViewModel.swift */; };
		5ED4723429CB4F7F00D8F664 /* RoundGameCellViewModel.swift in Sources */ = {isa = PBXBuildFile; fileRef = 5ED4723329CB4F7F00D8F664 /* RoundGameCellViewModel.swift */; };
		5ED4723629CB504700D8F664 /* RoundGameCell.swift in Sources */ = {isa = PBXBuildFile; fileRef = 5ED4723529CB504700D8F664 /* RoundGameCell.swift */; };
		5ED4724029CB68F900D8F664 /* CollectionViewHelper.swift in Sources */ = {isa = PBXBuildFile; fileRef = 5ED4723F29CB68F900D8F664 /* CollectionViewHelper.swift */; };
		5ED4724229CB798500D8F664 /* GameRoundCardViewModel.swift in Sources */ = {isa = PBXBuildFile; fileRef = 5ED4724129CB798500D8F664 /* GameRoundCardViewModel.swift */; };
		5ED4724929CC772B00D8F664 /* Rounds.json in Resources */ = {isa = PBXBuildFile; fileRef = 5ED4724829CC772B00D8F664 /* Rounds.json */; };
		5ED4724B29CC920C00D8F664 /* AppHelper.swift in Sources */ = {isa = PBXBuildFile; fileRef = 5ED4724A29CC920C00D8F664 /* AppHelper.swift */; };
		5ED4724D29CCB3F000D8F664 /* JsonFileNames.swift in Sources */ = {isa = PBXBuildFile; fileRef = 5ED4724C29CCB3F000D8F664 /* JsonFileNames.swift */; };
		5ED4724F29CCE31500D8F664 /* StandingsCardRowViewModel.swift in Sources */ = {isa = PBXBuildFile; fileRef = 5ED4724E29CCE31500D8F664 /* StandingsCardRowViewModel.swift */; };
		5ED4725129CCEDE200D8F664 /* StandingsCardViewModel.swift in Sources */ = {isa = PBXBuildFile; fileRef = 5ED4725029CCEDE200D8F664 /* StandingsCardViewModel.swift */; };
		5ED4725329CD977100D8F664 /* TeamStandings.swift in Sources */ = {isa = PBXBuildFile; fileRef = 5ED4725229CD977100D8F664 /* TeamStandings.swift */; };
		5ED4725529CD987400D8F664 /* StandingsView.swift in Sources */ = {isa = PBXBuildFile; fileRef = 5ED4725429CD987400D8F664 /* StandingsView.swift */; };
		5ED4725829CD9B4700D8F664 /* StandingsViewModel.swift in Sources */ = {isa = PBXBuildFile; fileRef = 5ED4725729CD9B4700D8F664 /* StandingsViewModel.swift */; };
/* End PBXBuildFile section */

/* Begin PBXContainerItemProxy section */
		5E6A67EF29C4D00C00500B04 /* PBXContainerItemProxy */ = {
			isa = PBXContainerItemProxy;
			containerPortal = 5E6A67D029C4D00900500B04 /* Project object */;
			proxyType = 1;
			remoteGlobalIDString = 5E6A67D729C4D00900500B04;
			remoteInfo = FootballMatchSimulation;
		};
		5E6A67F929C4D00C00500B04 /* PBXContainerItemProxy */ = {
			isa = PBXContainerItemProxy;
			containerPortal = 5E6A67D029C4D00900500B04 /* Project object */;
			proxyType = 1;
			remoteGlobalIDString = 5E6A67D729C4D00900500B04;
			remoteInfo = FootballMatchSimulation;
		};
/* End PBXContainerItemProxy section */

/* Begin PBXFileReference section */
		5E6A67D829C4D00900500B04 /* FootballMatchSimulation.app */ = {isa = PBXFileReference; explicitFileType = wrapper.application; includeInIndex = 0; path = FootballMatchSimulation.app; sourceTree = BUILT_PRODUCTS_DIR; };
		5E6A67DB29C4D00900500B04 /* AppDelegate.swift */ = {isa = PBXFileReference; lastKnownFileType = sourcecode.swift; path = AppDelegate.swift; sourceTree = "<group>"; };
		5E6A67DD29C4D00900500B04 /* SceneDelegate.swift */ = {isa = PBXFileReference; lastKnownFileType = sourcecode.swift; path = SceneDelegate.swift; sourceTree = "<group>"; };
		5E6A67DF29C4D00900500B04 /* HomeScreenViewController.swift */ = {isa = PBXFileReference; lastKnownFileType = sourcecode.swift; path = HomeScreenViewController.swift; sourceTree = "<group>"; };
		5E6A67E429C4D00C00500B04 /* Assets.xcassets */ = {isa = PBXFileReference; lastKnownFileType = folder.assetcatalog; path = Assets.xcassets; sourceTree = "<group>"; };
		5E6A67E729C4D00C00500B04 /* Base */ = {isa = PBXFileReference; lastKnownFileType = file.storyboard; name = Base; path = Base.lproj/LaunchScreen.storyboard; sourceTree = "<group>"; };
		5E6A67E929C4D00C00500B04 /* Info.plist */ = {isa = PBXFileReference; lastKnownFileType = text.plist.xml; path = Info.plist; sourceTree = "<group>"; };
		5E6A67EE29C4D00C00500B04 /* FootballMatchSimulationTests.xctest */ = {isa = PBXFileReference; explicitFileType = wrapper.cfbundle; includeInIndex = 0; path = FootballMatchSimulationTests.xctest; sourceTree = BUILT_PRODUCTS_DIR; };
		5E6A67F829C4D00C00500B04 /* FootballMatchSimulationUITests.xctest */ = {isa = PBXFileReference; explicitFileType = wrapper.cfbundle; includeInIndex = 0; path = FootballMatchSimulationUITests.xctest; sourceTree = BUILT_PRODUCTS_DIR; };
		5E6A67FC29C4D00C00500B04 /* FootballMatchSimulationUITests.swift */ = {isa = PBXFileReference; lastKnownFileType = sourcecode.swift; path = FootballMatchSimulationUITests.swift; sourceTree = "<group>"; };
		5E6A67FE29C4D00C00500B04 /* FootballMatchSimulationUITestsLaunchTests.swift */ = {isa = PBXFileReference; lastKnownFileType = sourcecode.swift; path = FootballMatchSimulationUITestsLaunchTests.swift; sourceTree = "<group>"; };
		5E6A680B29C4D25B00500B04 /* Teams.json */ = {isa = PBXFileReference; fileEncoding = 4; lastKnownFileType = text.json; path = Teams.json; sourceTree = "<group>"; xcLanguageSpecificationIdentifier = xcode.lang.json; };
		5E6A681429C4E1CB00500B04 /* Team.swift */ = {isa = PBXFileReference; lastKnownFileType = sourcecode.swift; path = Team.swift; sourceTree = "<group>"; };
		5E6A681629C4F1D000500B04 /* DataLoader.swift */ = {isa = PBXFileReference; lastKnownFileType = sourcecode.swift; path = DataLoader.swift; sourceTree = "<group>"; };
		5E6A681A29C5D6C500500B04 /* PlayerPosition.swift */ = {isa = PBXFileReference; lastKnownFileType = sourcecode.swift; path = PlayerPosition.swift; sourceTree = "<group>"; };
		5E6A681C29C5DA2700500B04 /* PlayerPositionTests.swift */ = {isa = PBXFileReference; lastKnownFileType = sourcecode.swift; path = PlayerPositionTests.swift; sourceTree = "<group>"; };
		5E6A681F29C5DF2500500B04 /* HomeScreenViewModel.swift */ = {isa = PBXFileReference; lastKnownFileType = sourcecode.swift; path = HomeScreenViewModel.swift; sourceTree = "<group>"; };
		5E6A682229C5E8BF00500B04 /* DoubleHelper.swift */ = {isa = PBXFileReference; lastKnownFileType = sourcecode.swift; path = DoubleHelper.swift; sourceTree = "<group>"; };
		5E6A682429C5EFC800500B04 /* DoubleHelperTests.swift */ = {isa = PBXFileReference; lastKnownFileType = sourcecode.swift; path = DoubleHelperTests.swift; sourceTree = "<group>"; };
		5E6A682629C645DD00500B04 /* RoundCard.swift */ = {isa = PBXFileReference; lastKnownFileType = sourcecode.swift; path = RoundCard.swift; sourceTree = "<group>"; };
		5E6A682929C6460E00500B04 /* RoundCard.xib */ = {isa = PBXFileReference; lastKnownFileType = file.xib; path = RoundCard.xib; sourceTree = "<group>"; };
		5E6A682D29C64DB000500B04 /* GameRoundCard.swift */ = {isa = PBXFileReference; lastKnownFileType = sourcecode.swift; path = GameRoundCard.swift; sourceTree = "<group>"; };
		5E6A682F29C64DE200500B04 /* GameRoundCard.xib */ = {isa = PBXFileReference; lastKnownFileType = file.xib; path = GameRoundCard.xib; sourceTree = "<group>"; };
		5E6A683229C6537A00500B04 /* StandingsCard.swift */ = {isa = PBXFileReference; lastKnownFileType = sourcecode.swift; path = StandingsCard.swift; sourceTree = "<group>"; };
		5E6A683429C653B800500B04 /* StandingsCard.xib */ = {isa = PBXFileReference; lastKnownFileType = file.xib; path = StandingsCard.xib; sourceTree = "<group>"; };
		5E6A683629C6608400500B04 /* StandingsCardRow.swift */ = {isa = PBXFileReference; lastKnownFileType = sourcecode.swift; path = StandingsCardRow.swift; sourceTree = "<group>"; };
		5E6A683829C660B800500B04 /* StandingsCardRow.xib */ = {isa = PBXFileReference; lastKnownFileType = file.xib; path = StandingsCardRow.xib; sourceTree = "<group>"; };
		5E6A683A29C66E5000500B04 /* RoundCardRow.swift */ = {isa = PBXFileReference; lastKnownFileType = sourcecode.swift; path = RoundCardRow.swift; sourceTree = "<group>"; };
		5E6A683C29C66E7700500B04 /* RoundCardRow.xib */ = {isa = PBXFileReference; lastKnownFileType = file.xib; path = RoundCardRow.xib; sourceTree = "<group>"; };
		5E6A684029C71D6E00500B04 /* PlayingTeam.swift */ = {isa = PBXFileReference; lastKnownFileType = sourcecode.swift; path = PlayingTeam.swift; sourceTree = "<group>"; };
		5E6A684329C738F200500B04 /* YellowCardTracker.swift */ = {isa = PBXFileReference; lastKnownFileType = sourcecode.swift; path = YellowCardTracker.swift; sourceTree = "<group>"; };
		5E6A684529C7395600500B04 /* FoulChecker.swift */ = {isa = PBXFileReference; lastKnownFileType = sourcecode.swift; path = FoulChecker.swift; sourceTree = "<group>"; };
		5E6A684729C739F100500B04 /* PositionPlays.swift */ = {isa = PBXFileReference; lastKnownFileType = sourcecode.swift; path = PositionPlays.swift; sourceTree = "<group>"; };
		5E6A684929C7425100500B04 /* SkillPower.swift */ = {isa = PBXFileReference; lastKnownFileType = sourcecode.swift; path = SkillPower.swift; sourceTree = "<group>"; };
		5E6A684B29C7467100500B04 /* Players.swift */ = {isa = PBXFileReference; lastKnownFileType = sourcecode.swift; path = Players.swift; sourceTree = "<group>"; };
		5E6A684D29C74B3200500B04 /* AthleticDecay.swift */ = {isa = PBXFileReference; lastKnownFileType = sourcecode.swift; path = AthleticDecay.swift; sourceTree = "<group>"; };
		5E6A684F29C758EA00500B04 /* CurrentTeam.swift */ = {isa = PBXFileReference; lastKnownFileType = sourcecode.swift; path = CurrentTeam.swift; sourceTree = "<group>"; };
		5E6A685329C75C4D00500B04 /* PlayingTeamTests.swift */ = {isa = PBXFileReference; lastKnownFileType = sourcecode.swift; path = PlayingTeamTests.swift; sourceTree = "<group>"; };
		5E6A685729C769E500500B04 /* GameSimulation.swift */ = {isa = PBXFileReference; lastKnownFileType = sourcecode.swift; path = GameSimulation.swift; sourceTree = "<group>"; };
		5E6A685929C777E100500B04 /* GameSimulationViewController.swift */ = {isa = PBXFileReference; lastKnownFileType = sourcecode.swift; path = GameSimulationViewController.swift; sourceTree = "<group>"; };
		5E6A685C29C778E300500B04 /* ColorHelper.swift */ = {isa = PBXFileReference; lastKnownFileType = sourcecode.swift; path = ColorHelper.swift; sourceTree = "<group>"; };
		5E6A685E29C7795100500B04 /* ViewHelper.swift */ = {isa = PBXFileReference; lastKnownFileType = sourcecode.swift; path = ViewHelper.swift; sourceTree = "<group>"; };
		5ED471EC29C8597A00D8F664 /* GameSimulationViewModel.swift */ = {isa = PBXFileReference; lastKnownFileType = sourcecode.swift; path = GameSimulationViewModel.swift; sourceTree = "<group>"; };
		5ED471EF29C8BBF300D8F664 /* HudView.swift */ = {isa = PBXFileReference; lastKnownFileType = sourcecode.swift; path = HudView.swift; sourceTree = "<group>"; };
		5ED471F129C8BC0700D8F664 /* HudViewModel.swift */ = {isa = PBXFileReference; lastKnownFileType = sourcecode.swift; path = HudViewModel.swift; sourceTree = "<group>"; };
		5ED471F429C8C91D00D8F664 /* TeamView.swift */ = {isa = PBXFileReference; lastKnownFileType = sourcecode.swift; path = TeamView.swift; sourceTree = "<group>"; };
		5ED471F629C8C95500D8F664 /* TeamViewModel.swift */ = {isa = PBXFileReference; lastKnownFileType = sourcecode.swift; path = TeamViewModel.swift; sourceTree = "<group>"; };
		5ED471F929C8CEEE00D8F664 /* Ajax.png */ = {isa = PBXFileReference; lastKnownFileType = image.png; path = Ajax.png; sourceTree = "<group>"; };
		5ED471FA29C8CEEE00D8F664 /* Paris_Saint-Germain.png */ = {isa = PBXFileReference; lastKnownFileType = image.png; path = "Paris_Saint-Germain.png"; sourceTree = "<group>"; };
		5ED471FB29C8CEEE00D8F664 /* FC_Barcelona.png */ = {isa = PBXFileReference; lastKnownFileType = image.png; path = FC_Barcelona.png; sourceTree = "<group>"; };
		5ED471FC29C8CEEE00D8F664 /* FC_Bayern.png */ = {isa = PBXFileReference; lastKnownFileType = image.png; path = FC_Bayern.png; sourceTree = "<group>"; };
		5ED4720129C8D09100D8F664 /* ImageHelper.swift */ = {isa = PBXFileReference; lastKnownFileType = sourcecode.swift; path = ImageHelper.swift; sourceTree = "<group>"; };
		5ED4720329C9D28400D8F664 /* EventHelper.swift */ = {isa = PBXFileReference; lastKnownFileType = sourcecode.swift; path = EventHelper.swift; sourceTree = "<group>"; };
		5ED4720629C9E60F00D8F664 /* GameSimulationTests.swift */ = {isa = PBXFileReference; lastKnownFileType = sourcecode.swift; path = GameSimulationTests.swift; sourceTree = "<group>"; };
		5ED4720829C9F3CB00D8F664 /* MockedPlayingTeam.swift */ = {isa = PBXFileReference; lastKnownFileType = sourcecode.swift; path = MockedPlayingTeam.swift; sourceTree = "<group>"; };
		5ED4720C29CA2C7200D8F664 /* RoundCardCollectionView.swift */ = {isa = PBXFileReference; lastKnownFileType = sourcecode.swift; path = RoundCardCollectionView.swift; sourceTree = "<group>"; };
		5ED4721129CA33EC00D8F664 /* RoundCardCell.swift */ = {isa = PBXFileReference; lastKnownFileType = sourcecode.swift; path = RoundCardCell.swift; sourceTree = "<group>"; };
		5ED4721629CAF88B00D8F664 /* RoundGamesViewController.swift */ = {isa = PBXFileReference; lastKnownFileType = sourcecode.swift; path = RoundGamesViewController.swift; sourceTree = "<group>"; };
		5ED4721929CAF90A00D8F664 /* RoundGamesViewModel.swift */ = {isa = PBXFileReference; lastKnownFileType = sourcecode.swift; path = RoundGamesViewModel.swift; sourceTree = "<group>"; };
		5ED4721B29CAFC6500D8F664 /* RoundCardCollectionViewModel.swift */ = {isa = PBXFileReference; lastKnownFileType = sourcecode.swift; path = RoundCardCollectionViewModel.swift; sourceTree = "<group>"; };
		5ED4721F29CB0AC200D8F664 /* RoundCardCellViewModel.swift */ = {isa = PBXFileReference; lastKnownFileType = sourcecode.swift; path = RoundCardCellViewModel.swift; sourceTree = "<group>"; };
		5ED4722229CB0C3800D8F664 /* RoundCardRowViewModel.swift */ = {isa = PBXFileReference; lastKnownFileType = sourcecode.swift; path = RoundCardRowViewModel.swift; sourceTree = "<group>"; };
		5ED4722529CB0FDD00D8F664 /* RoundCardViewModel.swift */ = {isa = PBXFileReference; lastKnownFileType = sourcecode.swift; path = RoundCardViewModel.swift; sourceTree = "<group>"; };
		5ED4722A29CB16EE00D8F664 /* RoundModel.swift */ = {isa = PBXFileReference; lastKnownFileType = sourcecode.swift; path = RoundModel.swift; sourceTree = "<group>"; };
		5ED4722D29CB2EC400D8F664 /* RoundGenerator.swift */ = {isa = PBXFileReference; lastKnownFileType = sourcecode.swift; path = RoundGenerator.swift; sourceTree = "<group>"; };
		5ED4722F29CB4D3A00D8F664 /* RoundGamesCollectionView.swift */ = {isa = PBXFileReference; lastKnownFileType = sourcecode.swift; path = RoundGamesCollectionView.swift; sourceTree = "<group>"; };
		5ED4723129CB4DA700D8F664 /* RoundGamesCollectionViewModel.swift */ = {isa = PBXFileReference; lastKnownFileType = sourcecode.swift; path = RoundGamesCollectionViewModel.swift; sourceTree = "<group>"; };
		5ED4723329CB4F7F00D8F664 /* RoundGameCellViewModel.swift */ = {isa = PBXFileReference; lastKnownFileType = sourcecode.swift; path = RoundGameCellViewModel.swift; sourceTree = "<group>"; };
		5ED4723529CB504700D8F664 /* RoundGameCell.swift */ = {isa = PBXFileReference; lastKnownFileType = sourcecode.swift; path = RoundGameCell.swift; sourceTree = "<group>"; };
		5ED4723F29CB68F900D8F664 /* CollectionViewHelper.swift */ = {isa = PBXFileReference; lastKnownFileType = sourcecode.swift; path = CollectionViewHelper.swift; sourceTree = "<group>"; };
		5ED4724129CB798500D8F664 /* GameRoundCardViewModel.swift */ = {isa = PBXFileReference; lastKnownFileType = sourcecode.swift; path = GameRoundCardViewModel.swift; sourceTree = "<group>"; };
		5ED4724829CC772B00D8F664 /* Rounds.json */ = {isa = PBXFileReference; lastKnownFileType = text.json; path = Rounds.json; sourceTree = "<group>"; };
		5ED4724A29CC920C00D8F664 /* AppHelper.swift */ = {isa = PBXFileReference; lastKnownFileType = sourcecode.swift; path = AppHelper.swift; sourceTree = "<group>"; };
		5ED4724C29CCB3F000D8F664 /* JsonFileNames.swift */ = {isa = PBXFileReference; lastKnownFileType = sourcecode.swift; path = JsonFileNames.swift; sourceTree = "<group>"; };
		5ED4724E29CCE31500D8F664 /* StandingsCardRowViewModel.swift */ = {isa = PBXFileReference; lastKnownFileType = sourcecode.swift; path = StandingsCardRowViewModel.swift; sourceTree = "<group>"; };
		5ED4725029CCEDE200D8F664 /* StandingsCardViewModel.swift */ = {isa = PBXFileReference; lastKnownFileType = sourcecode.swift; path = StandingsCardViewModel.swift; sourceTree = "<group>"; };
		5ED4725229CD977100D8F664 /* TeamStandings.swift */ = {isa = PBXFileReference; lastKnownFileType = sourcecode.swift; path = TeamStandings.swift; sourceTree = "<group>"; };
		5ED4725429CD987400D8F664 /* StandingsView.swift */ = {isa = PBXFileReference; lastKnownFileType = sourcecode.swift; path = StandingsView.swift; sourceTree = "<group>"; };
		5ED4725729CD9B4700D8F664 /* StandingsViewModel.swift */ = {isa = PBXFileReference; lastKnownFileType = sourcecode.swift; path = StandingsViewModel.swift; sourceTree = "<group>"; };
/* End PBXFileReference section */

/* Begin PBXFrameworksBuildPhase section */
		5E6A67D529C4D00900500B04 /* Frameworks */ = {
			isa = PBXFrameworksBuildPhase;
			buildActionMask = 2147483647;
			files = (
			);
			runOnlyForDeploymentPostprocessing = 0;
		};
		5E6A67EB29C4D00C00500B04 /* Frameworks */ = {
			isa = PBXFrameworksBuildPhase;
			buildActionMask = 2147483647;
			files = (
			);
			runOnlyForDeploymentPostprocessing = 0;
		};
		5E6A67F529C4D00C00500B04 /* Frameworks */ = {
			isa = PBXFrameworksBuildPhase;
			buildActionMask = 2147483647;
			files = (
			);
			runOnlyForDeploymentPostprocessing = 0;
		};
/* End PBXFrameworksBuildPhase section */

/* Begin PBXGroup section */
		5E6A67CF29C4D00900500B04 = {
			isa = PBXGroup;
			children = (
				5E6A67DA29C4D00900500B04 /* FootballMatchSimulation */,
				5E6A67F129C4D00C00500B04 /* FootballMatchSimulationTests */,
				5E6A67FB29C4D00C00500B04 /* FootballMatchSimulationUITests */,
				5E6A67D929C4D00900500B04 /* Products */,
			);
			sourceTree = "<group>";
		};
		5E6A67D929C4D00900500B04 /* Products */ = {
			isa = PBXGroup;
			children = (
				5E6A67D829C4D00900500B04 /* FootballMatchSimulation.app */,
				5E6A67EE29C4D00C00500B04 /* FootballMatchSimulationTests.xctest */,
				5E6A67F829C4D00C00500B04 /* FootballMatchSimulationUITests.xctest */,
			);
			name = Products;
			sourceTree = "<group>";
		};
		5E6A67DA29C4D00900500B04 /* FootballMatchSimulation */ = {
			isa = PBXGroup;
			children = (
				5E6A680D29C4E0E200500B04 /* App Delegate */,
				5E6A681829C4F1D400500B04 /* Services */,
				5E6A680E29C4E10000500B04 /* Models */,
				5ED4722C29CB2EB300D8F664 /* RoundGenerator */,
				5E6A684229C735DD00500B04 /* Playing Team */,
				5E6A685629C769A400500B04 /* Game Simulation */,
				5ED4723729CB61F600D8F664 /* Home Screen */,
				5ED4723A29CB628000D8F664 /* Round Games Screen */,
				5ED4720A29CA132700D8F664 /* GameSimulation Screen */,
				5ED4723E29CB66CD00D8F664 /* Cards */,
				5E6A682129C5E89900500B04 /* Helpers */,
				5E6A681029C4E12F00500B04 /* Storyboards */,
				5E6A681229C4E15500500B04 /* Resources */,
				5ED4725229CD977100D8F664 /* TeamStandings.swift */,
			);
			path = FootballMatchSimulation;
			sourceTree = "<group>";
		};
		5E6A67F129C4D00C00500B04 /* FootballMatchSimulationTests */ = {
			isa = PBXGroup;
			children = (
				5E6A681C29C5DA2700500B04 /* PlayerPositionTests.swift */,
				5E6A682429C5EFC800500B04 /* DoubleHelperTests.swift */,
				5E6A685529C75C5700500B04 /* Playing Team */,
				5ED4720529C9E5F500D8F664 /* Game Simulation */,
			);
			path = FootballMatchSimulationTests;
			sourceTree = "<group>";
		};
		5E6A67FB29C4D00C00500B04 /* FootballMatchSimulationUITests */ = {
			isa = PBXGroup;
			children = (
				5E6A67FC29C4D00C00500B04 /* FootballMatchSimulationUITests.swift */,
				5E6A67FE29C4D00C00500B04 /* FootballMatchSimulationUITestsLaunchTests.swift */,
			);
			path = FootballMatchSimulationUITests;
			sourceTree = "<group>";
		};
		5E6A680D29C4E0E200500B04 /* App Delegate */ = {
			isa = PBXGroup;
			children = (
				5E6A67DB29C4D00900500B04 /* AppDelegate.swift */,
				5E6A67DD29C4D00900500B04 /* SceneDelegate.swift */,
			);
			path = "App Delegate";
			sourceTree = "<group>";
		};
		5E6A680E29C4E10000500B04 /* Models */ = {
			isa = PBXGroup;
			children = (
				5E6A681429C4E1CB00500B04 /* Team.swift */,
				5E6A681A29C5D6C500500B04 /* PlayerPosition.swift */,
				5ED4722A29CB16EE00D8F664 /* RoundModel.swift */,
				5ED4724C29CCB3F000D8F664 /* JsonFileNames.swift */,
			);
			path = Models;
			sourceTree = "<group>";
		};
		5E6A681029C4E12F00500B04 /* Storyboards */ = {
			isa = PBXGroup;
			children = (
				5E6A681129C4E14400500B04 /* Launchscreen */,
			);
			path = Storyboards;
			sourceTree = "<group>";
		};
		5E6A681129C4E14400500B04 /* Launchscreen */ = {
			isa = PBXGroup;
			children = (
				5E6A67E629C4D00C00500B04 /* LaunchScreen.storyboard */,
			);
			path = Launchscreen;
			sourceTree = "<group>";
		};
		5E6A681229C4E15500500B04 /* Resources */ = {
			isa = PBXGroup;
			children = (
				5ED471F829C8CEE000D8F664 /* Team Logos */,
				5ED4724829CC772B00D8F664 /* Rounds.json */,
				5E6A680B29C4D25B00500B04 /* Teams.json */,
				5E6A67E429C4D00C00500B04 /* Assets.xcassets */,
				5E6A67E929C4D00C00500B04 /* Info.plist */,
			);
			path = Resources;
			sourceTree = "<group>";
		};
		5E6A681329C4E19B00500B04 /* Views */ = {
			isa = PBXGroup;
			children = (
				5E6A67DF29C4D00900500B04 /* HomeScreenViewController.swift */,
				5ED4720E29CA2F2E00D8F664 /* RoundCard CollectionView */,
				5ED4725629CD987800D8F664 /* Standings View */,
			);
			path = Views;
			sourceTree = "<group>";
		};
		5E6A681829C4F1D400500B04 /* Services */ = {
			isa = PBXGroup;
			children = (
				5E6A681629C4F1D000500B04 /* DataLoader.swift */,
			);
			path = Services;
			sourceTree = "<group>";
		};
		5E6A681E29C5DF0D00500B04 /* ViewModels */ = {
			isa = PBXGroup;
			children = (
				5E6A681F29C5DF2500500B04 /* HomeScreenViewModel.swift */,
				5ED4723829CB622500D8F664 /* CollectionView */,
				5ED4725929CD9C2900D8F664 /* Standings View */,
			);
			path = ViewModels;
			sourceTree = "<group>";
		};
		5E6A682129C5E89900500B04 /* Helpers */ = {
			isa = PBXGroup;
			children = (
				5ED4724A29CC920C00D8F664 /* AppHelper.swift */,
				5ED4723F29CB68F900D8F664 /* CollectionViewHelper.swift */,
				5E6A685C29C778E300500B04 /* ColorHelper.swift */,
				5E6A682229C5E8BF00500B04 /* DoubleHelper.swift */,
				5ED4720329C9D28400D8F664 /* EventHelper.swift */,
				5ED4720129C8D09100D8F664 /* ImageHelper.swift */,
				5E6A685E29C7795100500B04 /* ViewHelper.swift */,
			);
			path = Helpers;
			sourceTree = "<group>";
		};
		5E6A682B29C64D9200500B04 /* Round Card */ = {
			isa = PBXGroup;
			children = (
				5E6A683E29C6732000500B04 /* Card */,
				5E6A683F29C6735100500B04 /* Card Row */,
			);
			path = "Round Card";
			sourceTree = "<group>";
		};
		5E6A682C29C64D9B00500B04 /* Game Round Card */ = {
			isa = PBXGroup;
			children = (
				5E6A682D29C64DB000500B04 /* GameRoundCard.swift */,
				5E6A682F29C64DE200500B04 /* GameRoundCard.xib */,
			);
			path = "Game Round Card";
			sourceTree = "<group>";
		};
		5E6A683129C6533A00500B04 /* Standings */ = {
			isa = PBXGroup;
			children = (
				5E6A683229C6537A00500B04 /* StandingsCard.swift */,
				5E6A683429C653B800500B04 /* StandingsCard.xib */,
				5E6A683629C6608400500B04 /* StandingsCardRow.swift */,
				5E6A683829C660B800500B04 /* StandingsCardRow.xib */,
			);
			path = Standings;
			sourceTree = "<group>";
		};
		5E6A683E29C6732000500B04 /* Card */ = {
			isa = PBXGroup;
			children = (
				5E6A682629C645DD00500B04 /* RoundCard.swift */,
				5E6A682929C6460E00500B04 /* RoundCard.xib */,
			);
			path = Card;
			sourceTree = "<group>";
		};
		5E6A683F29C6735100500B04 /* Card Row */ = {
			isa = PBXGroup;
			children = (
				5E6A683A29C66E5000500B04 /* RoundCardRow.swift */,
				5E6A683C29C66E7700500B04 /* RoundCardRow.xib */,
			);
			path = "Card Row";
			sourceTree = "<group>";
		};
		5E6A684229C735DD00500B04 /* Playing Team */ = {
			isa = PBXGroup;
			children = (
				5E6A684F29C758EA00500B04 /* CurrentTeam.swift */,
				5E6A684029C71D6E00500B04 /* PlayingTeam.swift */,
				5E6A685129C75B1700500B04 /* Info Trackers */,
				5E6A685229C75B4700500B04 /* Helpers */,
			);
			path = "Playing Team";
			sourceTree = "<group>";
		};
		5E6A685129C75B1700500B04 /* Info Trackers */ = {
			isa = PBXGroup;
			children = (
				5E6A684D29C74B3200500B04 /* AthleticDecay.swift */,
				5E6A684B29C7467100500B04 /* Players.swift */,
				5E6A684729C739F100500B04 /* PositionPlays.swift */,
				5E6A684329C738F200500B04 /* YellowCardTracker.swift */,
			);
			path = "Info Trackers";
			sourceTree = "<group>";
		};
		5E6A685229C75B4700500B04 /* Helpers */ = {
			isa = PBXGroup;
			children = (
				5E6A684529C7395600500B04 /* FoulChecker.swift */,
				5E6A684929C7425100500B04 /* SkillPower.swift */,
			);
			path = Helpers;
			sourceTree = "<group>";
		};
		5E6A685529C75C5700500B04 /* Playing Team */ = {
			isa = PBXGroup;
			children = (
				5E6A685329C75C4D00500B04 /* PlayingTeamTests.swift */,
			);
			path = "Playing Team";
			sourceTree = "<group>";
		};
		5E6A685629C769A400500B04 /* Game Simulation */ = {
			isa = PBXGroup;
			children = (
				5E6A685729C769E500500B04 /* GameSimulation.swift */,
			);
			path = "Game Simulation";
			sourceTree = "<group>";
		};
		5E6A685B29C777E700500B04 /* Views */ = {
			isa = PBXGroup;
			children = (
				5E6A685929C777E100500B04 /* GameSimulationViewController.swift */,
				5ED471EF29C8BBF300D8F664 /* HudView.swift */,
				5ED471F429C8C91D00D8F664 /* TeamView.swift */,
			);
			path = Views;
			sourceTree = "<group>";
		};
		5ED471F829C8CEE000D8F664 /* Team Logos */ = {
			isa = PBXGroup;
			children = (
				5ED471F929C8CEEE00D8F664 /* Ajax.png */,
				5ED471FB29C8CEEE00D8F664 /* FC_Barcelona.png */,
				5ED471FC29C8CEEE00D8F664 /* FC_Bayern.png */,
				5ED471FA29C8CEEE00D8F664 /* Paris_Saint-Germain.png */,
			);
			path = "Team Logos";
			sourceTree = "<group>";
		};
		5ED4720529C9E5F500D8F664 /* Game Simulation */ = {
			isa = PBXGroup;
			children = (
				5ED4720629C9E60F00D8F664 /* GameSimulationTests.swift */,
				5ED4720829C9F3CB00D8F664 /* MockedPlayingTeam.swift */,
			);
			path = "Game Simulation";
			sourceTree = "<group>";
		};
		5ED4720A29CA132700D8F664 /* GameSimulation Screen */ = {
			isa = PBXGroup;
			children = (
				5ED4723C29CB637300D8F664 /* ViewModels */,
				5E6A685B29C777E700500B04 /* Views */,
			);
			path = "GameSimulation Screen";
			sourceTree = "<group>";
		};
		5ED4720B29CA2AFB00D8F664 /* ViewModels */ = {
			isa = PBXGroup;
			children = (
				5ED4722429CB0F9700D8F664 /* RoundCard */,
				5ED4724329CB799B00D8F664 /* Game Round Card */,
				5ED4723929CB623400D8F664 /* StandingsCard */,
			);
			path = ViewModels;
			sourceTree = "<group>";
		};
		5ED4720E29CA2F2E00D8F664 /* RoundCard CollectionView */ = {
			isa = PBXGroup;
			children = (
				5ED4720C29CA2C7200D8F664 /* RoundCardCollectionView.swift */,
				5ED4721129CA33EC00D8F664 /* RoundCardCell.swift */,
			);
			path = "RoundCard CollectionView";
			sourceTree = "<group>";
		};
		5ED4721529CAF85E00D8F664 /* Views */ = {
			isa = PBXGroup;
			children = (
				5ED4721629CAF88B00D8F664 /* RoundGamesViewController.swift */,
				5ED4724429CB7BE600D8F664 /* CollectionView */,
			);
			path = Views;
			sourceTree = "<group>";
		};
		5ED4721829CAF8ED00D8F664 /* ViewModels */ = {
			isa = PBXGroup;
			children = (
				5ED4721929CAF90A00D8F664 /* RoundGamesViewModel.swift */,
				5ED4723B29CB62E100D8F664 /* CollectionView */,
			);
			path = ViewModels;
			sourceTree = "<group>";
		};
		5ED4722129CB0C1D00D8F664 /* Card Row */ = {
			isa = PBXGroup;
			children = (
				5ED4722229CB0C3800D8F664 /* RoundCardRowViewModel.swift */,
			);
			path = "Card Row";
			sourceTree = "<group>";
		};
		5ED4722429CB0F9700D8F664 /* RoundCard */ = {
			isa = PBXGroup;
			children = (
				5ED4722529CB0FDD00D8F664 /* RoundCardViewModel.swift */,
				5ED4722129CB0C1D00D8F664 /* Card Row */,
			);
			path = RoundCard;
			sourceTree = "<group>";
		};
		5ED4722C29CB2EB300D8F664 /* RoundGenerator */ = {
			isa = PBXGroup;
			children = (
				5ED4722D29CB2EC400D8F664 /* RoundGenerator.swift */,
			);
			path = RoundGenerator;
			sourceTree = "<group>";
		};
		5ED4723729CB61F600D8F664 /* Home Screen */ = {
			isa = PBXGroup;
			children = (
				5E6A681E29C5DF0D00500B04 /* ViewModels */,
				5E6A681329C4E19B00500B04 /* Views */,
			);
			path = "Home Screen";
			sourceTree = "<group>";
		};
		5ED4723829CB622500D8F664 /* CollectionView */ = {
			isa = PBXGroup;
			children = (
				5ED4721B29CAFC6500D8F664 /* RoundCardCollectionViewModel.swift */,
				5ED4721F29CB0AC200D8F664 /* RoundCardCellViewModel.swift */,
			);
			path = CollectionView;
			sourceTree = "<group>";
		};
		5ED4723929CB623400D8F664 /* StandingsCard */ = {
			isa = PBXGroup;
			children = (
				5ED4725029CCEDE200D8F664 /* StandingsCardViewModel.swift */,
				5ED4724E29CCE31500D8F664 /* StandingsCardRowViewModel.swift */,
			);
			path = StandingsCard;
			sourceTree = "<group>";
		};
		5ED4723A29CB628000D8F664 /* Round Games Screen */ = {
			isa = PBXGroup;
			children = (
				5ED4721829CAF8ED00D8F664 /* ViewModels */,
				5ED4721529CAF85E00D8F664 /* Views */,
			);
			path = "Round Games Screen";
			sourceTree = "<group>";
		};
		5ED4723B29CB62E100D8F664 /* CollectionView */ = {
			isa = PBXGroup;
			children = (
				5ED4723129CB4DA700D8F664 /* RoundGamesCollectionViewModel.swift */,
				5ED4723329CB4F7F00D8F664 /* RoundGameCellViewModel.swift */,
			);
			path = CollectionView;
			sourceTree = "<group>";
		};
		5ED4723C29CB637300D8F664 /* ViewModels */ = {
			isa = PBXGroup;
			children = (
				5ED471EC29C8597A00D8F664 /* GameSimulationViewModel.swift */,
				5ED471F129C8BC0700D8F664 /* HudViewModel.swift */,
				5ED471F629C8C95500D8F664 /* TeamViewModel.swift */,
			);
			path = ViewModels;
			sourceTree = "<group>";
		};
		5ED4723D29CB642B00D8F664 /* Views */ = {
			isa = PBXGroup;
			children = (
				5E6A682B29C64D9200500B04 /* Round Card */,
				5E6A682C29C64D9B00500B04 /* Game Round Card */,
				5E6A683129C6533A00500B04 /* Standings */,
			);
			path = Views;
			sourceTree = "<group>";
		};
		5ED4723E29CB66CD00D8F664 /* Cards */ = {
			isa = PBXGroup;
			children = (
				5ED4720B29CA2AFB00D8F664 /* ViewModels */,
				5ED4723D29CB642B00D8F664 /* Views */,
			);
			path = Cards;
			sourceTree = "<group>";
		};
		5ED4724329CB799B00D8F664 /* Game Round Card */ = {
			isa = PBXGroup;
			children = (
				5ED4724129CB798500D8F664 /* GameRoundCardViewModel.swift */,
			);
			path = "Game Round Card";
			sourceTree = "<group>";
		};
		5ED4724429CB7BE600D8F664 /* CollectionView */ = {
			isa = PBXGroup;
			children = (
				5ED4722F29CB4D3A00D8F664 /* RoundGamesCollectionView.swift */,
				5ED4723529CB504700D8F664 /* RoundGameCell.swift */,
			);
			path = CollectionView;
			sourceTree = "<group>";
		};
		5ED4725629CD987800D8F664 /* Standings View */ = {
			isa = PBXGroup;
			children = (
				5ED4725429CD987400D8F664 /* StandingsView.swift */,
			);
			path = "Standings View";
			sourceTree = "<group>";
		};
		5ED4725929CD9C2900D8F664 /* Standings View */ = {
			isa = PBXGroup;
			children = (
				5ED4725729CD9B4700D8F664 /* StandingsViewModel.swift */,
			);
			path = "Standings View";
			sourceTree = "<group>";
		};
/* End PBXGroup section */

/* Begin PBXNativeTarget section */
		5E6A67D729C4D00900500B04 /* FootballMatchSimulation */ = {
			isa = PBXNativeTarget;
			buildConfigurationList = 5E6A680229C4D00C00500B04 /* Build configuration list for PBXNativeTarget "FootballMatchSimulation" */;
			buildPhases = (
				5E6A67D429C4D00900500B04 /* Sources */,
				5E6A67D529C4D00900500B04 /* Frameworks */,
				5E6A67D629C4D00900500B04 /* Resources */,
			);
			buildRules = (
			);
			dependencies = (
			);
			name = FootballMatchSimulation;
			productName = FootballMatchSimulation;
			productReference = 5E6A67D829C4D00900500B04 /* FootballMatchSimulation.app */;
			productType = "com.apple.product-type.application";
		};
		5E6A67ED29C4D00C00500B04 /* FootballMatchSimulationTests */ = {
			isa = PBXNativeTarget;
			buildConfigurationList = 5E6A680529C4D00C00500B04 /* Build configuration list for PBXNativeTarget "FootballMatchSimulationTests" */;
			buildPhases = (
				5E6A67EA29C4D00C00500B04 /* Sources */,
				5E6A67EB29C4D00C00500B04 /* Frameworks */,
				5E6A67EC29C4D00C00500B04 /* Resources */,
			);
			buildRules = (
			);
			dependencies = (
				5E6A67F029C4D00C00500B04 /* PBXTargetDependency */,
			);
			name = FootballMatchSimulationTests;
			productName = FootballMatchSimulationTests;
			productReference = 5E6A67EE29C4D00C00500B04 /* FootballMatchSimulationTests.xctest */;
			productType = "com.apple.product-type.bundle.unit-test";
		};
		5E6A67F729C4D00C00500B04 /* FootballMatchSimulationUITests */ = {
			isa = PBXNativeTarget;
			buildConfigurationList = 5E6A680829C4D00C00500B04 /* Build configuration list for PBXNativeTarget "FootballMatchSimulationUITests" */;
			buildPhases = (
				5E6A67F429C4D00C00500B04 /* Sources */,
				5E6A67F529C4D00C00500B04 /* Frameworks */,
				5E6A67F629C4D00C00500B04 /* Resources */,
			);
			buildRules = (
			);
			dependencies = (
				5E6A67FA29C4D00C00500B04 /* PBXTargetDependency */,
			);
			name = FootballMatchSimulationUITests;
			productName = FootballMatchSimulationUITests;
			productReference = 5E6A67F829C4D00C00500B04 /* FootballMatchSimulationUITests.xctest */;
			productType = "com.apple.product-type.bundle.ui-testing";
		};
/* End PBXNativeTarget section */

/* Begin PBXProject section */
		5E6A67D029C4D00900500B04 /* Project object */ = {
			isa = PBXProject;
			attributes = {
				BuildIndependentTargetsInParallel = 1;
				LastSwiftUpdateCheck = 1420;
				LastUpgradeCheck = 1420;
				TargetAttributes = {
					5E6A67D729C4D00900500B04 = {
						CreatedOnToolsVersion = 14.2;
					};
					5E6A67ED29C4D00C00500B04 = {
						CreatedOnToolsVersion = 14.2;
						TestTargetID = 5E6A67D729C4D00900500B04;
					};
					5E6A67F729C4D00C00500B04 = {
						CreatedOnToolsVersion = 14.2;
						TestTargetID = 5E6A67D729C4D00900500B04;
					};
				};
			};
			buildConfigurationList = 5E6A67D329C4D00900500B04 /* Build configuration list for PBXProject "FootballMatchSimulation" */;
			compatibilityVersion = "Xcode 14.0";
			developmentRegion = en;
			hasScannedForEncodings = 0;
			knownRegions = (
				en,
				Base,
			);
			mainGroup = 5E6A67CF29C4D00900500B04;
			productRefGroup = 5E6A67D929C4D00900500B04 /* Products */;
			projectDirPath = "";
			projectRoot = "";
			targets = (
				5E6A67D729C4D00900500B04 /* FootballMatchSimulation */,
				5E6A67ED29C4D00C00500B04 /* FootballMatchSimulationTests */,
				5E6A67F729C4D00C00500B04 /* FootballMatchSimulationUITests */,
			);
		};
/* End PBXProject section */

/* Begin PBXResourcesBuildPhase section */
		5E6A67D629C4D00900500B04 /* Resources */ = {
			isa = PBXResourcesBuildPhase;
			buildActionMask = 2147483647;
			files = (
				5E6A683529C653B800500B04 /* StandingsCard.xib in Resources */,
				5ED4720029C8CEEE00D8F664 /* FC_Bayern.png in Resources */,
				5E6A680C29C4D25B00500B04 /* Teams.json in Resources */,
				5E6A683929C660B800500B04 /* StandingsCardRow.xib in Resources */,
				5ED4724929CC772B00D8F664 /* Rounds.json in Resources */,
				5E6A67E829C4D00C00500B04 /* LaunchScreen.storyboard in Resources */,
				5E6A683029C64DE200500B04 /* GameRoundCard.xib in Resources */,
				5E6A67E529C4D00C00500B04 /* Assets.xcassets in Resources */,
				5ED471FE29C8CEEE00D8F664 /* Paris_Saint-Germain.png in Resources */,
				5E6A683D29C66E7700500B04 /* RoundCardRow.xib in Resources */,
				5ED471FD29C8CEEE00D8F664 /* Ajax.png in Resources */,
				5ED471FF29C8CEEE00D8F664 /* FC_Barcelona.png in Resources */,
				5E6A682A29C6460E00500B04 /* RoundCard.xib in Resources */,
			);
			runOnlyForDeploymentPostprocessing = 0;
		};
		5E6A67EC29C4D00C00500B04 /* Resources */ = {
			isa = PBXResourcesBuildPhase;
			buildActionMask = 2147483647;
			files = (
			);
			runOnlyForDeploymentPostprocessing = 0;
		};
		5E6A67F629C4D00C00500B04 /* Resources */ = {
			isa = PBXResourcesBuildPhase;
			buildActionMask = 2147483647;
			files = (
			);
			runOnlyForDeploymentPostprocessing = 0;
		};
/* End PBXResourcesBuildPhase section */

/* Begin PBXSourcesBuildPhase section */
		5E6A67D429C4D00900500B04 /* Sources */ = {
			isa = PBXSourcesBuildPhase;
			buildActionMask = 2147483647;
			files = (
				5ED4723229CB4DA700D8F664 /* RoundGamesCollectionViewModel.swift in Sources */,
				5E6A683329C6537A00500B04 /* StandingsCard.swift in Sources */,
				5ED471ED29C8597A00D8F664 /* GameSimulationViewModel.swift in Sources */,
				5ED471F229C8BC0700D8F664 /* HudViewModel.swift in Sources */,
				5E6A682329C5E8BF00500B04 /* DoubleHelper.swift in Sources */,
				5ED4723429CB4F7F00D8F664 /* RoundGameCellViewModel.swift in Sources */,
				5E6A685829C769E500500B04 /* GameSimulation.swift in Sources */,
				5ED4721A29CAF90A00D8F664 /* RoundGamesViewModel.swift in Sources */,
				5ED4724229CB798500D8F664 /* GameRoundCardViewModel.swift in Sources */,
				5ED4721C29CAFC6500D8F664 /* RoundCardCollectionViewModel.swift in Sources */,
				5ED471F729C8C95500D8F664 /* TeamViewModel.swift in Sources */,
				5E6A684E29C74B3200500B04 /* AthleticDecay.swift in Sources */,
				5ED4725129CCEDE200D8F664 /* StandingsCardViewModel.swift in Sources */,
				5E6A685A29C777E100500B04 /* GameSimulationViewController.swift in Sources */,
				5E6A681729C4F1D000500B04 /* DataLoader.swift in Sources */,
				5ED4722B29CB16EE00D8F664 /* RoundModel.swift in Sources */,
				5ED4724B29CC920C00D8F664 /* AppHelper.swift in Sources */,
				5E6A685029C758EA00500B04 /* CurrentTeam.swift in Sources */,
				5E6A684129C71D6E00500B04 /* PlayingTeam.swift in Sources */,
				5ED4724F29CCE31500D8F664 /* StandingsCardRowViewModel.swift in Sources */,
				5ED4720429C9D28400D8F664 /* EventHelper.swift in Sources */,
				5ED4721329CA33EC00D8F664 /* RoundCardCell.swift in Sources */,
				5E6A682E29C64DB000500B04 /* GameRoundCard.swift in Sources */,
				5ED4725829CD9B4700D8F664 /* StandingsViewModel.swift in Sources */,
				5E6A684A29C7425100500B04 /* SkillPower.swift in Sources */,
				5ED4722029CB0AC200D8F664 /* RoundCardCellViewModel.swift in Sources */,
				5E6A685F29C7795200500B04 /* ViewHelper.swift in Sources */,
				5ED4721729CAF88B00D8F664 /* RoundGamesViewController.swift in Sources */,
				5E6A682729C645DE00500B04 /* RoundCard.swift in Sources */,
				5E6A681B29C5D6C500500B04 /* PlayerPosition.swift in Sources */,
				5ED4722E29CB2EC500D8F664 /* RoundGenerator.swift in Sources */,
				5E6A684629C7395600500B04 /* FoulChecker.swift in Sources */,
				5ED4724D29CCB3F000D8F664 /* JsonFileNames.swift in Sources */,
				5ED4725529CD987400D8F664 /* StandingsView.swift in Sources */,
				5E6A682029C5DF2500500B04 /* HomeScreenViewModel.swift in Sources */,
				5E6A67E029C4D00900500B04 /* HomeScreenViewController.swift in Sources */,
				5ED4725329CD977100D8F664 /* TeamStandings.swift in Sources */,
				5E6A683B29C66E5000500B04 /* RoundCardRow.swift in Sources */,
				5E6A67DC29C4D00900500B04 /* AppDelegate.swift in Sources */,
				5ED4723029CB4D3A00D8F664 /* RoundGamesCollectionView.swift in Sources */,
				5E6A681529C4E1CB00500B04 /* Team.swift in Sources */,
				5E6A684429C738F200500B04 /* YellowCardTracker.swift in Sources */,
				5ED4722629CB0FDD00D8F664 /* RoundCardViewModel.swift in Sources */,
				5ED4723629CB504700D8F664 /* RoundGameCell.swift in Sources */,
				5E6A685D29C778E300500B04 /* ColorHelper.swift in Sources */,
				5E6A684C29C7467100500B04 /* Players.swift in Sources */,
				5E6A683729C6608400500B04 /* StandingsCardRow.swift in Sources */,
				5ED4720D29CA2C7200D8F664 /* RoundCardCollectionView.swift in Sources */,
				5ED4720229C8D09100D8F664 /* ImageHelper.swift in Sources */,
				5E6A67DE29C4D00900500B04 /* SceneDelegate.swift in Sources */,
				5ED4722329CB0C3800D8F664 /* RoundCardRowViewModel.swift in Sources */,
				5ED4724029CB68F900D8F664 /* CollectionViewHelper.swift in Sources */,
				5ED471F529C8C91D00D8F664 /* TeamView.swift in Sources */,
				5E6A684829C739F100500B04 /* PositionPlays.swift in Sources */,
				5ED471F029C8BBF300D8F664 /* HudView.swift in Sources */,
			);
			runOnlyForDeploymentPostprocessing = 0;
		};
		5E6A67EA29C4D00C00500B04 /* Sources */ = {
			isa = PBXSourcesBuildPhase;
			buildActionMask = 2147483647;
			files = (
				5E6A685429C75C4D00500B04 /* PlayingTeamTests.swift in Sources */,
				5E6A681D29C5DA2700500B04 /* PlayerPositionTests.swift in Sources */,
				5ED4720729C9E60F00D8F664 /* GameSimulationTests.swift in Sources */,
				5ED4720929C9F3CB00D8F664 /* MockedPlayingTeam.swift in Sources */,
				5E6A682529C5EFC800500B04 /* DoubleHelperTests.swift in Sources */,
			);
			runOnlyForDeploymentPostprocessing = 0;
		};
		5E6A67F429C4D00C00500B04 /* Sources */ = {
			isa = PBXSourcesBuildPhase;
			buildActionMask = 2147483647;
			files = (
				5E6A67FF29C4D00C00500B04 /* FootballMatchSimulationUITestsLaunchTests.swift in Sources */,
				5E6A67FD29C4D00C00500B04 /* FootballMatchSimulationUITests.swift in Sources */,
			);
			runOnlyForDeploymentPostprocessing = 0;
		};
/* End PBXSourcesBuildPhase section */

/* Begin PBXTargetDependency section */
		5E6A67F029C4D00C00500B04 /* PBXTargetDependency */ = {
			isa = PBXTargetDependency;
			target = 5E6A67D729C4D00900500B04 /* FootballMatchSimulation */;
			targetProxy = 5E6A67EF29C4D00C00500B04 /* PBXContainerItemProxy */;
		};
		5E6A67FA29C4D00C00500B04 /* PBXTargetDependency */ = {
			isa = PBXTargetDependency;
			target = 5E6A67D729C4D00900500B04 /* FootballMatchSimulation */;
			targetProxy = 5E6A67F929C4D00C00500B04 /* PBXContainerItemProxy */;
		};
/* End PBXTargetDependency section */

/* Begin PBXVariantGroup section */
		5E6A67E629C4D00C00500B04 /* LaunchScreen.storyboard */ = {
			isa = PBXVariantGroup;
			children = (
				5E6A67E729C4D00C00500B04 /* Base */,
			);
			name = LaunchScreen.storyboard;
			sourceTree = "<group>";
		};
/* End PBXVariantGroup section */

/* Begin XCBuildConfiguration section */
		5E6A680029C4D00C00500B04 /* Debug */ = {
			isa = XCBuildConfiguration;
			buildSettings = {
				ALWAYS_SEARCH_USER_PATHS = NO;
				CLANG_ANALYZER_NONNULL = YES;
				CLANG_ANALYZER_NUMBER_OBJECT_CONVERSION = YES_AGGRESSIVE;
				CLANG_CXX_LANGUAGE_STANDARD = "gnu++20";
				CLANG_ENABLE_MODULES = YES;
				CLANG_ENABLE_OBJC_ARC = YES;
				CLANG_ENABLE_OBJC_WEAK = YES;
				CLANG_WARN_BLOCK_CAPTURE_AUTORELEASING = YES;
				CLANG_WARN_BOOL_CONVERSION = YES;
				CLANG_WARN_COMMA = YES;
				CLANG_WARN_CONSTANT_CONVERSION = YES;
				CLANG_WARN_DEPRECATED_OBJC_IMPLEMENTATIONS = YES;
				CLANG_WARN_DIRECT_OBJC_ISA_USAGE = YES_ERROR;
				CLANG_WARN_DOCUMENTATION_COMMENTS = YES;
				CLANG_WARN_EMPTY_BODY = YES;
				CLANG_WARN_ENUM_CONVERSION = YES;
				CLANG_WARN_INFINITE_RECURSION = YES;
				CLANG_WARN_INT_CONVERSION = YES;
				CLANG_WARN_NON_LITERAL_NULL_CONVERSION = YES;
				CLANG_WARN_OBJC_IMPLICIT_RETAIN_SELF = YES;
				CLANG_WARN_OBJC_LITERAL_CONVERSION = YES;
				CLANG_WARN_OBJC_ROOT_CLASS = YES_ERROR;
				CLANG_WARN_QUOTED_INCLUDE_IN_FRAMEWORK_HEADER = YES;
				CLANG_WARN_RANGE_LOOP_ANALYSIS = YES;
				CLANG_WARN_STRICT_PROTOTYPES = YES;
				CLANG_WARN_SUSPICIOUS_MOVE = YES;
				CLANG_WARN_UNGUARDED_AVAILABILITY = YES_AGGRESSIVE;
				CLANG_WARN_UNREACHABLE_CODE = YES;
				CLANG_WARN__DUPLICATE_METHOD_MATCH = YES;
				COPY_PHASE_STRIP = NO;
				DEBUG_INFORMATION_FORMAT = dwarf;
				ENABLE_STRICT_OBJC_MSGSEND = YES;
				ENABLE_TESTABILITY = YES;
				GCC_C_LANGUAGE_STANDARD = gnu11;
				GCC_DYNAMIC_NO_PIC = NO;
				GCC_NO_COMMON_BLOCKS = YES;
				GCC_OPTIMIZATION_LEVEL = 0;
				GCC_PREPROCESSOR_DEFINITIONS = (
					"DEBUG=1",
					"$(inherited)",
				);
				GCC_WARN_64_TO_32_BIT_CONVERSION = YES;
				GCC_WARN_ABOUT_RETURN_TYPE = YES_ERROR;
				GCC_WARN_UNDECLARED_SELECTOR = YES;
				GCC_WARN_UNINITIALIZED_AUTOS = YES_AGGRESSIVE;
				GCC_WARN_UNUSED_FUNCTION = YES;
				GCC_WARN_UNUSED_VARIABLE = YES;
				IPHONEOS_DEPLOYMENT_TARGET = 16.2;
				MTL_ENABLE_DEBUG_INFO = INCLUDE_SOURCE;
				MTL_FAST_MATH = YES;
				ONLY_ACTIVE_ARCH = YES;
				SDKROOT = iphoneos;
				SWIFT_ACTIVE_COMPILATION_CONDITIONS = DEBUG;
				SWIFT_OPTIMIZATION_LEVEL = "-Onone";
			};
			name = Debug;
		};
		5E6A680129C4D00C00500B04 /* Release */ = {
			isa = XCBuildConfiguration;
			buildSettings = {
				ALWAYS_SEARCH_USER_PATHS = NO;
				CLANG_ANALYZER_NONNULL = YES;
				CLANG_ANALYZER_NUMBER_OBJECT_CONVERSION = YES_AGGRESSIVE;
				CLANG_CXX_LANGUAGE_STANDARD = "gnu++20";
				CLANG_ENABLE_MODULES = YES;
				CLANG_ENABLE_OBJC_ARC = YES;
				CLANG_ENABLE_OBJC_WEAK = YES;
				CLANG_WARN_BLOCK_CAPTURE_AUTORELEASING = YES;
				CLANG_WARN_BOOL_CONVERSION = YES;
				CLANG_WARN_COMMA = YES;
				CLANG_WARN_CONSTANT_CONVERSION = YES;
				CLANG_WARN_DEPRECATED_OBJC_IMPLEMENTATIONS = YES;
				CLANG_WARN_DIRECT_OBJC_ISA_USAGE = YES_ERROR;
				CLANG_WARN_DOCUMENTATION_COMMENTS = YES;
				CLANG_WARN_EMPTY_BODY = YES;
				CLANG_WARN_ENUM_CONVERSION = YES;
				CLANG_WARN_INFINITE_RECURSION = YES;
				CLANG_WARN_INT_CONVERSION = YES;
				CLANG_WARN_NON_LITERAL_NULL_CONVERSION = YES;
				CLANG_WARN_OBJC_IMPLICIT_RETAIN_SELF = YES;
				CLANG_WARN_OBJC_LITERAL_CONVERSION = YES;
				CLANG_WARN_OBJC_ROOT_CLASS = YES_ERROR;
				CLANG_WARN_QUOTED_INCLUDE_IN_FRAMEWORK_HEADER = YES;
				CLANG_WARN_RANGE_LOOP_ANALYSIS = YES;
				CLANG_WARN_STRICT_PROTOTYPES = YES;
				CLANG_WARN_SUSPICIOUS_MOVE = YES;
				CLANG_WARN_UNGUARDED_AVAILABILITY = YES_AGGRESSIVE;
				CLANG_WARN_UNREACHABLE_CODE = YES;
				CLANG_WARN__DUPLICATE_METHOD_MATCH = YES;
				COPY_PHASE_STRIP = NO;
				DEBUG_INFORMATION_FORMAT = "dwarf-with-dsym";
				ENABLE_NS_ASSERTIONS = NO;
				ENABLE_STRICT_OBJC_MSGSEND = YES;
				GCC_C_LANGUAGE_STANDARD = gnu11;
				GCC_NO_COMMON_BLOCKS = YES;
				GCC_WARN_64_TO_32_BIT_CONVERSION = YES;
				GCC_WARN_ABOUT_RETURN_TYPE = YES_ERROR;
				GCC_WARN_UNDECLARED_SELECTOR = YES;
				GCC_WARN_UNINITIALIZED_AUTOS = YES_AGGRESSIVE;
				GCC_WARN_UNUSED_FUNCTION = YES;
				GCC_WARN_UNUSED_VARIABLE = YES;
				IPHONEOS_DEPLOYMENT_TARGET = 16.2;
				MTL_ENABLE_DEBUG_INFO = NO;
				MTL_FAST_MATH = YES;
				SDKROOT = iphoneos;
				SWIFT_COMPILATION_MODE = wholemodule;
				SWIFT_OPTIMIZATION_LEVEL = "-O";
				VALIDATE_PRODUCT = YES;
			};
			name = Release;
		};
		5E6A680329C4D00C00500B04 /* Debug */ = {
			isa = XCBuildConfiguration;
			buildSettings = {
				ASSETCATALOG_COMPILER_APPICON_NAME = AppIcon;
				ASSETCATALOG_COMPILER_GLOBAL_ACCENT_COLOR_NAME = AccentColor;
				CODE_SIGN_STYLE = Automatic;
				CURRENT_PROJECT_VERSION = 1;
				DEVELOPMENT_TEAM = AJXD28RX58;
				GENERATE_INFOPLIST_FILE = YES;
				INFOPLIST_FILE = FootballMatchSimulation/Resources/Info.plist;
				INFOPLIST_KEY_UIApplicationSupportsIndirectInputEvents = YES;
				INFOPLIST_KEY_UILaunchStoryboardName = LaunchScreen;
				INFOPLIST_KEY_UIMainStoryboardFile = "";
				INFOPLIST_KEY_UISupportedInterfaceOrientations = "UIInterfaceOrientationLandscapeLeft UIInterfaceOrientationLandscapeRight";
				LD_RUNPATH_SEARCH_PATHS = (
					"$(inherited)",
					"@executable_path/Frameworks",
				);
				MARKETING_VERSION = 1.0;
				PRODUCT_BUNDLE_IDENTIFIER = com.animatious.FootballMatchSimulation;
				PRODUCT_NAME = "$(TARGET_NAME)";
				SWIFT_EMIT_LOC_STRINGS = YES;
				SWIFT_VERSION = 5.0;
				TARGETED_DEVICE_FAMILY = "1,2";
			};
			name = Debug;
		};
		5E6A680429C4D00C00500B04 /* Release */ = {
			isa = XCBuildConfiguration;
			buildSettings = {
				ASSETCATALOG_COMPILER_APPICON_NAME = AppIcon;
				ASSETCATALOG_COMPILER_GLOBAL_ACCENT_COLOR_NAME = AccentColor;
				CODE_SIGN_STYLE = Automatic;
				CURRENT_PROJECT_VERSION = 1;
				DEVELOPMENT_TEAM = AJXD28RX58;
				GENERATE_INFOPLIST_FILE = YES;
				INFOPLIST_FILE = FootballMatchSimulation/Resources/Info.plist;
				INFOPLIST_KEY_UIApplicationSupportsIndirectInputEvents = YES;
				INFOPLIST_KEY_UILaunchStoryboardName = LaunchScreen;
				INFOPLIST_KEY_UIMainStoryboardFile = "";
				INFOPLIST_KEY_UISupportedInterfaceOrientations = "UIInterfaceOrientationLandscapeLeft UIInterfaceOrientationLandscapeRight";
				LD_RUNPATH_SEARCH_PATHS = (
					"$(inherited)",
					"@executable_path/Frameworks",
				);
				MARKETING_VERSION = 1.0;
				PRODUCT_BUNDLE_IDENTIFIER = com.animatious.FootballMatchSimulation;
				PRODUCT_NAME = "$(TARGET_NAME)";
				SWIFT_EMIT_LOC_STRINGS = YES;
				SWIFT_VERSION = 5.0;
				TARGETED_DEVICE_FAMILY = "1,2";
			};
			name = Release;
		};
		5E6A680629C4D00C00500B04 /* Debug */ = {
			isa = XCBuildConfiguration;
			buildSettings = {
				ALWAYS_EMBED_SWIFT_STANDARD_LIBRARIES = YES;
				BUNDLE_LOADER = "$(TEST_HOST)";
				CODE_SIGN_STYLE = Automatic;
				CURRENT_PROJECT_VERSION = 1;
				DEVELOPMENT_TEAM = AJXD28RX58;
				GENERATE_INFOPLIST_FILE = YES;
				IPHONEOS_DEPLOYMENT_TARGET = 16.2;
				MARKETING_VERSION = 1.0;
				PRODUCT_BUNDLE_IDENTIFIER = com.animatious.FootballMatchSimulationTests;
				PRODUCT_NAME = "$(TARGET_NAME)";
				SWIFT_EMIT_LOC_STRINGS = NO;
				SWIFT_VERSION = 5.0;
				TARGETED_DEVICE_FAMILY = "1,2";
				TEST_HOST = "$(BUILT_PRODUCTS_DIR)/FootballMatchSimulation.app/$(BUNDLE_EXECUTABLE_FOLDER_PATH)/FootballMatchSimulation";
			};
			name = Debug;
		};
		5E6A680729C4D00C00500B04 /* Release */ = {
			isa = XCBuildConfiguration;
			buildSettings = {
				ALWAYS_EMBED_SWIFT_STANDARD_LIBRARIES = YES;
				BUNDLE_LOADER = "$(TEST_HOST)";
				CODE_SIGN_STYLE = Automatic;
				CURRENT_PROJECT_VERSION = 1;
				DEVELOPMENT_TEAM = AJXD28RX58;
				GENERATE_INFOPLIST_FILE = YES;
				IPHONEOS_DEPLOYMENT_TARGET = 16.2;
				MARKETING_VERSION = 1.0;
				PRODUCT_BUNDLE_IDENTIFIER = com.animatious.FootballMatchSimulationTests;
				PRODUCT_NAME = "$(TARGET_NAME)";
				SWIFT_EMIT_LOC_STRINGS = NO;
				SWIFT_VERSION = 5.0;
				TARGETED_DEVICE_FAMILY = "1,2";
				TEST_HOST = "$(BUILT_PRODUCTS_DIR)/FootballMatchSimulation.app/$(BUNDLE_EXECUTABLE_FOLDER_PATH)/FootballMatchSimulation";
			};
			name = Release;
		};
		5E6A680929C4D00C00500B04 /* Debug */ = {
			isa = XCBuildConfiguration;
			buildSettings = {
				ALWAYS_EMBED_SWIFT_STANDARD_LIBRARIES = YES;
				CODE_SIGN_STYLE = Automatic;
				CURRENT_PROJECT_VERSION = 1;
				DEVELOPMENT_TEAM = AJXD28RX58;
				GENERATE_INFOPLIST_FILE = YES;
				MARKETING_VERSION = 1.0;
				PRODUCT_BUNDLE_IDENTIFIER = com.animatious.FootballMatchSimulationUITests;
				PRODUCT_NAME = "$(TARGET_NAME)";
				SWIFT_EMIT_LOC_STRINGS = NO;
				SWIFT_VERSION = 5.0;
				TARGETED_DEVICE_FAMILY = "1,2";
				TEST_TARGET_NAME = FootballMatchSimulation;
			};
			name = Debug;
		};
		5E6A680A29C4D00C00500B04 /* Release */ = {
			isa = XCBuildConfiguration;
			buildSettings = {
				ALWAYS_EMBED_SWIFT_STANDARD_LIBRARIES = YES;
				CODE_SIGN_STYLE = Automatic;
				CURRENT_PROJECT_VERSION = 1;
				DEVELOPMENT_TEAM = AJXD28RX58;
				GENERATE_INFOPLIST_FILE = YES;
				MARKETING_VERSION = 1.0;
				PRODUCT_BUNDLE_IDENTIFIER = com.animatious.FootballMatchSimulationUITests;
				PRODUCT_NAME = "$(TARGET_NAME)";
				SWIFT_EMIT_LOC_STRINGS = NO;
				SWIFT_VERSION = 5.0;
				TARGETED_DEVICE_FAMILY = "1,2";
				TEST_TARGET_NAME = FootballMatchSimulation;
			};
			name = Release;
		};
/* End XCBuildConfiguration section */

/* Begin XCConfigurationList section */
		5E6A67D329C4D00900500B04 /* Build configuration list for PBXProject "FootballMatchSimulation" */ = {
			isa = XCConfigurationList;
			buildConfigurations = (
				5E6A680029C4D00C00500B04 /* Debug */,
				5E6A680129C4D00C00500B04 /* Release */,
			);
			defaultConfigurationIsVisible = 0;
			defaultConfigurationName = Release;
		};
		5E6A680229C4D00C00500B04 /* Build configuration list for PBXNativeTarget "FootballMatchSimulation" */ = {
			isa = XCConfigurationList;
			buildConfigurations = (
				5E6A680329C4D00C00500B04 /* Debug */,
				5E6A680429C4D00C00500B04 /* Release */,
			);
			defaultConfigurationIsVisible = 0;
			defaultConfigurationName = Release;
		};
		5E6A680529C4D00C00500B04 /* Build configuration list for PBXNativeTarget "FootballMatchSimulationTests" */ = {
			isa = XCConfigurationList;
			buildConfigurations = (
				5E6A680629C4D00C00500B04 /* Debug */,
				5E6A680729C4D00C00500B04 /* Release */,
			);
			defaultConfigurationIsVisible = 0;
			defaultConfigurationName = Release;
		};
		5E6A680829C4D00C00500B04 /* Build configuration list for PBXNativeTarget "FootballMatchSimulationUITests" */ = {
			isa = XCConfigurationList;
			buildConfigurations = (
				5E6A680929C4D00C00500B04 /* Debug */,
				5E6A680A29C4D00C00500B04 /* Release */,
			);
			defaultConfigurationIsVisible = 0;
			defaultConfigurationName = Release;
		};
/* End XCConfigurationList section */
	};
	rootObject = 5E6A67D029C4D00900500B04 /* Project object */;
}
